
Microsoft Visual Studio Solution File, Format Version 11.00
# Visual Studio 2010
Project("{8BC9CEB8-8B4A-11D0-8D11-00A0C91BC942}") = "seqStack", "seqStack\seqStack.vcxproj", "{A47FDC63-7C82-48D2-A779-A4CF5651BA7F}"
EndProject
Global
	GlobalSection(SolutionConfigurationPlatforms) = preSolution
		Debug|Win32 = Debug|Win32
		Release|Win32 = Release|Win32
	EndGlobalSection
	GlobalSection(ProjectConfigurationPlatforms) = postSolution
		{A47FDC63-7C82-48D2-A779-A4CF5651BA7F}.Debug|Win32.ActiveCfg = Debug|Win32
		{A47FDC63-7C82-48D2-A779-A4CF5651BA7F}.Debug|Win32.Build.0 = Debug|Win32
		{A47FDC63-7C82-48D2-A779-A4CF5651BA7F}.Release|Win32.ActiveCfg = Release|Win32
		{A47FDC63-7C82-48D2-A779-A4CF5651BA7F}.Release|Win32.Build.0 = Release|Win32
	EndGlobalSection
	GlobalSection(SolutionProperties) = preSolution
		HideSolutionNode = FALSE
	EndGlobalSection
EndGlobal
